// !$*UTF8*$!
{
	archiveVersion = 1;
	classes = {
	};
	objectVersion = 56;
	objects = {

/* Begin PBXBuildFile section */
		4F6C28792AF024FB004112DC /* AppDelegate.swift in Sources */ = {isa = PBXBuildFile; fileRef = 4F6C28782AF024FB004112DC /* AppDelegate.swift */; };
		4F6C287B2AF024FB004112DC /* SceneDelegate.swift in Sources */ = {isa = PBXBuildFile; fileRef = 4F6C287A2AF024FB004112DC /* SceneDelegate.swift */; };
		4F6C287D2AF024FB004112DC /* MainTabBarViewController.swift in Sources */ = {isa = PBXBuildFile; fileRef = 4F6C287C2AF024FB004112DC /* MainTabBarViewController.swift */; };
		4F6C28822AF024FC004112DC /* Assets.xcassets in Resources */ = {isa = PBXBuildFile; fileRef = 4F6C28812AF024FC004112DC /* Assets.xcassets */; };
		4F6C28852AF024FC004112DC /* LaunchScreen.storyboard in Resources */ = {isa = PBXBuildFile; fileRef = 4F6C28832AF024FC004112DC /* LaunchScreen.storyboard */; };
		4F6C28A52AF02B2F004112DC /* HomeViewController.swift in Sources */ = {isa = PBXBuildFile; fileRef = 4F6C28A42AF02B2F004112DC /* HomeViewController.swift */; };
		4F6C28A72AF02B60004112DC /* UpcomingViewController.swift in Sources */ = {isa = PBXBuildFile; fileRef = 4F6C28A62AF02B60004112DC /* UpcomingViewController.swift */; };
		4F6C28A92AF02B7D004112DC /* SearchViewController.swift in Sources */ = {isa = PBXBuildFile; fileRef = 4F6C28A82AF02B7D004112DC /* SearchViewController.swift */; };
		4F6C28AB2AF02B9C004112DC /* DownloadsViewController.swift in Sources */ = {isa = PBXBuildFile; fileRef = 4F6C28AA2AF02B9C004112DC /* DownloadsViewController.swift */; };
		4F6C28AD2AF050C0004112DC /* CollectionViewTableViewCell.swift in Sources */ = {isa = PBXBuildFile; fileRef = 4F6C28AC2AF050C0004112DC /* CollectionViewTableViewCell.swift */; };
/* End PBXBuildFile section */

/* Begin PBXFileReference section */
		4F6C28752AF024FB004112DC /* Netflix_Clone.app */ = {isa = PBXFileReference; explicitFileType = wrapper.application; includeInIndex = 0; path = Netflix_Clone.app; sourceTree = BUILT_PRODUCTS_DIR; };
		4F6C28782AF024FB004112DC /* AppDelegate.swift */ = {isa = PBXFileReference; lastKnownFileType = sourcecode.swift; path = AppDelegate.swift; sourceTree = "<group>"; };
		4F6C287A2AF024FB004112DC /* SceneDelegate.swift */ = {isa = PBXFileReference; lastKnownFileType = sourcecode.swift; path = SceneDelegate.swift; sourceTree = "<group>"; };
		4F6C287C2AF024FB004112DC /* MainTabBarViewController.swift */ = {isa = PBXFileReference; lastKnownFileType = sourcecode.swift; path = MainTabBarViewController.swift; sourceTree = "<group>"; };
		4F6C28812AF024FC004112DC /* Assets.xcassets */ = {isa = PBXFileReference; lastKnownFileType = folder.assetcatalog; path = Assets.xcassets; sourceTree = "<group>"; };
		4F6C28842AF024FC004112DC /* Base */ = {isa = PBXFileReference; lastKnownFileType = file.storyboard; name = Base; path = Base.lproj/LaunchScreen.storyboard; sourceTree = "<group>"; };
		4F6C28862AF024FC004112DC /* Info.plist */ = {isa = PBXFileReference; lastKnownFileType = text.plist.xml; path = Info.plist; sourceTree = "<group>"; };
		4F6C28A42AF02B2F004112DC /* HomeViewController.swift */ = {isa = PBXFileReference; lastKnownFileType = sourcecode.swift; path = HomeViewController.swift; sourceTree = "<group>"; };
		4F6C28A62AF02B60004112DC /* UpcomingViewController.swift */ = {isa = PBXFileReference; lastKnownFileType = sourcecode.swift; path = UpcomingViewController.swift; sourceTree = "<group>"; };
		4F6C28A82AF02B7D004112DC /* SearchViewController.swift */ = {isa = PBXFileReference; lastKnownFileType = sourcecode.swift; path = SearchViewController.swift; sourceTree = "<group>"; };
		4F6C28AA2AF02B9C004112DC /* DownloadsViewController.swift */ = {isa = PBXFileReference; lastKnownFileType = sourcecode.swift; path = DownloadsViewController.swift; sourceTree = "<group>"; };
		4F6C28AC2AF050C0004112DC /* CollectionViewTableViewCell.swift */ = {isa = PBXFileReference; lastKnownFileType = sourcecode.swift; path = CollectionViewTableViewCell.swift; sourceTree = "<group>"; };
/* End PBXFileReference section */

/* Begin PBXFrameworksBuildPhase section */
		4F6C28722AF024FB004112DC /* Frameworks */ = {
			isa = PBXFrameworksBuildPhase;
			buildActionMask = 2147483647;
			files = (
			);
			runOnlyForDeploymentPostprocessing = 0;
		};
/* End PBXFrameworksBuildPhase section */

/* Begin PBXGroup section */
		4F6C286C2AF024FB004112DC = {
			isa = PBXGroup;
			children = (
				4F6C28772AF024FB004112DC /* Netflix_Clone */,
				4F6C28762AF024FB004112DC /* Products */,
			);
			sourceTree = "<group>";
		};
		4F6C28762AF024FB004112DC /* Products */ = {
			isa = PBXGroup;
			children = (
				4F6C28752AF024FB004112DC /* Netflix_Clone.app */,
			);
			name = Products;
			sourceTree = "<group>";
		};
		4F6C28772AF024FB004112DC /* Netflix_Clone */ = {
			isa = PBXGroup;
			children = (
				4F6C28912AF026AB004112DC /* Managers */,
				4F6C28902AF026A1004112DC /* Resources */,
				4F6C288F2AF02699004112DC /* Models */,
				4F6C288E2AF02690004112DC /* Views */,
				4F6C288D2AF02688004112DC /* ViewModels */,
				4F6C288C2AF02680004112DC /* Controllers */,
				4F6C28782AF024FB004112DC /* AppDelegate.swift */,
				4F6C287A2AF024FB004112DC /* SceneDelegate.swift */,
				4F6C287C2AF024FB004112DC /* MainTabBarViewController.swift */,
				4F6C28812AF024FC004112DC /* Assets.xcassets */,
				4F6C28832AF024FC004112DC /* LaunchScreen.storyboard */,
				4F6C28862AF024FC004112DC /* Info.plist */,
			);
			path = Netflix_Clone;
			sourceTree = "<group>";
		};
		4F6C288C2AF02680004112DC /* Controllers */ = {
			isa = PBXGroup;
			children = (
				4F6C28A42AF02B2F004112DC /* HomeViewController.swift */,
				4F6C28A62AF02B60004112DC /* UpcomingViewController.swift */,
				4F6C28A82AF02B7D004112DC /* SearchViewController.swift */,
				4F6C28AA2AF02B9C004112DC /* DownloadsViewController.swift */,
			);
			path = Controllers;
			sourceTree = "<group>";
		};
		4F6C288D2AF02688004112DC /* ViewModels */ = {
			isa = PBXGroup;
			children = (
			);
			path = ViewModels;
			sourceTree = "<group>";
		};
		4F6C288E2AF02690004112DC /* Views */ = {
			isa = PBXGroup;
			children = (
				4F6C28AC2AF050C0004112DC /* CollectionViewTableViewCell.swift */,
			);
			path = Views;
			sourceTree = "<group>";
		};
		4F6C288F2AF02699004112DC /* Models */ = {
			isa = PBXGroup;
			children = (
			);
			path = Models;
			sourceTree = "<group>";
		};
		4F6C28902AF026A1004112DC /* Resources */ = {
			isa = PBXGroup;
			children = (
			);
			path = Resources;
			sourceTree = "<group>";
		};
		4F6C28912AF026AB004112DC /* Managers */ = {
			isa = PBXGroup;
			children = (
			);
			path = Managers;
			sourceTree = "<group>";
		};
/* End PBXGroup section */

/* Begin PBXNativeTarget section */
		4F6C28742AF024FB004112DC /* Netflix_Clone */ = {
			isa = PBXNativeTarget;
			buildConfigurationList = 4F6C28892AF024FC004112DC /* Build configuration list for PBXNativeTarget "Netflix_Clone" */;
			buildPhases = (
				4F6C28712AF024FB004112DC /* Sources */,
				4F6C28722AF024FB004112DC /* Frameworks */,
				4F6C28732AF024FB004112DC /* Resources */,
			);
			buildRules = (
			);
			dependencies = (
			);
			name = Netflix_Clone;
			productName = Netflix_Clone;
			productReference = 4F6C28752AF024FB004112DC /* Netflix_Clone.app */;
			productType = "com.apple.product-type.application";
		};
/* End PBXNativeTarget section */

/* Begin PBXProject section */
		4F6C286D2AF024FB004112DC /* Project object */ = {
			isa = PBXProject;
			attributes = {
				BuildIndependentTargetsInParallel = 1;
				LastSwiftUpdateCheck = 1500;
				LastUpgradeCheck = 1500;
				TargetAttributes = {
					4F6C28742AF024FB004112DC = {
						CreatedOnToolsVersion = 15.0;
					};
				};
			};
			buildConfigurationList = 4F6C28702AF024FB004112DC /* Build configuration list for PBXProject "Netflix_Clone" */;
			compatibilityVersion = "Xcode 14.0";
			developmentRegion = en;
			hasScannedForEncodings = 0;
			knownRegions = (
				en,
				Base,
			);
			mainGroup = 4F6C286C2AF024FB004112DC;
			productRefGroup = 4F6C28762AF024FB004112DC /* Products */;
			projectDirPath = "";
			projectRoot = "";
			targets = (
				4F6C28742AF024FB004112DC /* Netflix_Clone */,
			);
		};
/* End PBXProject section */

/* Begin PBXResourcesBuildPhase section */
		4F6C28732AF024FB004112DC /* Resources */ = {
			isa = PBXResourcesBuildPhase;
			buildActionMask = 2147483647;
			files = (
				4F6C28852AF024FC004112DC /* LaunchScreen.storyboard in Resources */,
				4F6C28822AF024FC004112DC /* Assets.xcassets in Resources */,
			);
			runOnlyForDeploymentPostprocessing = 0;
		};
/* End PBXResourcesBuildPhase section */

/* Begin PBXSourcesBuildPhase section */
		4F6C28712AF024FB004112DC /* Sources */ = {
			isa = PBXSourcesBuildPhase;
			buildActionMask = 2147483647;
			files = (
				4F6C28A92AF02B7D004112DC /* SearchViewController.swift in Sources */,
				4F6C287D2AF024FB004112DC /* MainTabBarViewController.swift in Sources */,
				4F6C28AD2AF050C0004112DC /* CollectionViewTableViewCell.swift in Sources */,
				4F6C28AB2AF02B9C004112DC /* DownloadsViewController.swift in Sources */,
				4F6C28792AF024FB004112DC /* AppDelegate.swift in Sources */,
				4F6C287B2AF024FB004112DC /* SceneDelegate.swift in Sources */,
				4F6C28A72AF02B60004112DC /* UpcomingViewController.swift in Sources */,
				4F6C28A52AF02B2F004112DC /* HomeViewController.swift in Sources */,
			);
			runOnlyForDeploymentPostprocessing = 0;
		};
/* End PBXSourcesBuildPhase section */

/* Begin PBXVariantGroup section */
		4F6C28832AF024FC004112DC /* LaunchScreen.storyboard */ = {
			isa = PBXVariantGroup;
			children = (
				4F6C28842AF024FC004112DC /* Base */,
			);
			name = LaunchScreen.storyboard;
			sourceTree = "<group>";
		};
/* End PBXVariantGroup section */

/* Begin XCBuildConfiguration section */
		4F6C28872AF024FC004112DC /* Debug */ = {
			isa = XCBuildConfiguration;
			buildSettings = {
				ALWAYS_SEARCH_USER_PATHS = NO;
				ASSETCATALOG_COMPILER_GENERATE_SWIFT_ASSET_SYMBOL_EXTENSIONS = YES;
				CLANG_ANALYZER_NONNULL = YES;
				CLANG_ANALYZER_NUMBER_OBJECT_CONVERSION = YES_AGGRESSIVE;
				CLANG_CXX_LANGUAGE_STANDARD = "gnu++20";
				CLANG_ENABLE_MODULES = YES;
				CLANG_ENABLE_OBJC_ARC = YES;
				CLANG_ENABLE_OBJC_WEAK = YES;
				CLANG_WARN_BLOCK_CAPTURE_AUTORELEASING = YES;
				CLANG_WARN_BOOL_CONVERSION = YES;
				CLANG_WARN_COMMA = YES;
				CLANG_WARN_CONSTANT_CONVERSION = YES;
				CLANG_WARN_DEPRECATED_OBJC_IMPLEMENTATIONS = YES;
				CLANG_WARN_DIRECT_OBJC_ISA_USAGE = YES_ERROR;
				CLANG_WARN_DOCUMENTATION_COMMENTS = YES;
				CLANG_WARN_EMPTY_BODY = YES;
				CLANG_WARN_ENUM_CONVERSION = YES;
				CLANG_WARN_INFINITE_RECURSION = YES;
				CLANG_WARN_INT_CONVERSION = YES;
				CLANG_WARN_NON_LITERAL_NULL_CONVERSION = YES;
				CLANG_WARN_OBJC_IMPLICIT_RETAIN_SELF = YES;
				CLANG_WARN_OBJC_LITERAL_CONVERSION = YES;
				CLANG_WARN_OBJC_ROOT_CLASS = YES_ERROR;
				CLANG_WARN_QUOTED_INCLUDE_IN_FRAMEWORK_HEADER = YES;
				CLANG_WARN_RANGE_LOOP_ANALYSIS = YES;
				CLANG_WARN_STRICT_PROTOTYPES = YES;
				CLANG_WARN_SUSPICIOUS_MOVE = YES;
				CLANG_WARN_UNGUARDED_AVAILABILITY = YES_AGGRESSIVE;
				CLANG_WARN_UNREACHABLE_CODE = YES;
				CLANG_WARN__DUPLICATE_METHOD_MATCH = YES;
				COPY_PHASE_STRIP = NO;
				DEBUG_INFORMATION_FORMAT = dwarf;
				ENABLE_STRICT_OBJC_MSGSEND = YES;
				ENABLE_TESTABILITY = YES;
				ENABLE_USER_SCRIPT_SANDBOXING = YES;
				GCC_C_LANGUAGE_STANDARD = gnu17;
				GCC_DYNAMIC_NO_PIC = NO;
				GCC_NO_COMMON_BLOCKS = YES;
				GCC_OPTIMIZATION_LEVEL = 0;
				GCC_PREPROCESSOR_DEFINITIONS = (
					"DEBUG=1",
					"$(inherited)",
				);
				GCC_WARN_64_TO_32_BIT_CONVERSION = YES;
				GCC_WARN_ABOUT_RETURN_TYPE = YES_ERROR;
				GCC_WARN_UNDECLARED_SELECTOR = YES;
				GCC_WARN_UNINITIALIZED_AUTOS = YES_AGGRESSIVE;
				GCC_WARN_UNUSED_FUNCTION = YES;
				GCC_WARN_UNUSED_VARIABLE = YES;
				IPHONEOS_DEPLOYMENT_TARGET = 17.0;
				LOCALIZATION_PREFERS_STRING_CATALOGS = YES;
				MTL_ENABLE_DEBUG_INFO = INCLUDE_SOURCE;
				MTL_FAST_MATH = YES;
				ONLY_ACTIVE_ARCH = YES;
				SDKROOT = iphoneos;
				SWIFT_ACTIVE_COMPILATION_CONDITIONS = "DEBUG $(inherited)";
				SWIFT_OPTIMIZATION_LEVEL = "-Onone";
			};
			name = Debug;
		};
		4F6C28882AF024FC004112DC /* Release */ = {
			isa = XCBuildConfiguration;
			buildSettings = {
				ALWAYS_SEARCH_USER_PATHS = NO;
				ASSETCATALOG_COMPILER_GENERATE_SWIFT_ASSET_SYMBOL_EXTENSIONS = YES;
				CLANG_ANALYZER_NONNULL = YES;
				CLANG_ANALYZER_NUMBER_OBJECT_CONVERSION = YES_AGGRESSIVE;
				CLANG_CXX_LANGUAGE_STANDARD = "gnu++20";
				CLANG_ENABLE_MODULES = YES;
				CLANG_ENABLE_OBJC_ARC = YES;
				CLANG_ENABLE_OBJC_WEAK = YES;
				CLANG_WARN_BLOCK_CAPTURE_AUTORELEASING = YES;
				CLANG_WARN_BOOL_CONVERSION = YES;
				CLANG_WARN_COMMA = YES;
				CLANG_WARN_CONSTANT_CONVERSION = YES;
				CLANG_WARN_DEPRECATED_OBJC_IMPLEMENTATIONS = YES;
				CLANG_WARN_DIRECT_OBJC_ISA_USAGE = YES_ERROR;
				CLANG_WARN_DOCUMENTATION_COMMENTS = YES;
				CLANG_WARN_EMPTY_BODY = YES;
				CLANG_WARN_ENUM_CONVERSION = YES;
				CLANG_WARN_INFINITE_RECURSION = YES;
				CLANG_WARN_INT_CONVERSION = YES;
				CLANG_WARN_NON_LITERAL_NULL_CONVERSION = YES;
				CLANG_WARN_OBJC_IMPLICIT_RETAIN_SELF = YES;
				CLANG_WARN_OBJC_LITERAL_CONVERSION = YES;
				CLANG_WARN_OBJC_ROOT_CLASS = YES_ERROR;
				CLANG_WARN_QUOTED_INCLUDE_IN_FRAMEWORK_HEADER = YES;
				CLANG_WARN_RANGE_LOOP_ANALYSIS = YES;
				CLANG_WARN_STRICT_PROTOTYPES = YES;
				CLANG_WARN_SUSPICIOUS_MOVE = YES;
				CLANG_WARN_UNGUARDED_AVAILABILITY = YES_AGGRESSIVE;
				CLANG_WARN_UNREACHABLE_CODE = YES;
				CLANG_WARN__DUPLICATE_METHOD_MATCH = YES;
				COPY_PHASE_STRIP = NO;
				DEBUG_INFORMATION_FORMAT = "dwarf-with-dsym";
				ENABLE_NS_ASSERTIONS = NO;
				ENABLE_STRICT_OBJC_MSGSEND = YES;
				ENABLE_USER_SCRIPT_SANDBOXING = YES;
				GCC_C_LANGUAGE_STANDARD = gnu17;
				GCC_NO_COMMON_BLOCKS = YES;
				GCC_WARN_64_TO_32_BIT_CONVERSION = YES;
				GCC_WARN_ABOUT_RETURN_TYPE = YES_ERROR;
				GCC_WARN_UNDECLARED_SELECTOR = YES;
				GCC_WARN_UNINITIALIZED_AUTOS = YES_AGGRESSIVE;
				GCC_WARN_UNUSED_FUNCTION = YES;
				GCC_WARN_UNUSED_VARIABLE = YES;
				IPHONEOS_DEPLOYMENT_TARGET = 17.0;
				LOCALIZATION_PREFERS_STRING_CATALOGS = YES;
				MTL_ENABLE_DEBUG_INFO = NO;
				MTL_FAST_MATH = YES;
				SDKROOT = iphoneos;
				SWIFT_COMPILATION_MODE = wholemodule;
				VALIDATE_PRODUCT = YES;
			};
			name = Release;
		};
		4F6C288A2AF024FC004112DC /* Debug */ = {
			isa = XCBuildConfiguration;
			buildSettings = {
				ASSETCATALOG_COMPILER_APPICON_NAME = AppIcon;
				ASSETCATALOG_COMPILER_GLOBAL_ACCENT_COLOR_NAME = AccentColor;
				CODE_SIGN_STYLE = Automatic;
				CURRENT_PROJECT_VERSION = 1;
				DEVELOPMENT_TEAM = 8M3N3X9UJ6;
				GENERATE_INFOPLIST_FILE = YES;
				INFOPLIST_FILE = Netflix_Clone/Info.plist;
				INFOPLIST_KEY_UIApplicationSupportsIndirectInputEvents = YES;
				INFOPLIST_KEY_UILaunchStoryboardName = LaunchScreen;
				INFOPLIST_KEY_UISupportedInterfaceOrientations_iPad = "UIInterfaceOrientationPortrait UIInterfaceOrientationPortraitUpsideDown UIInterfaceOrientationLandscapeLeft UIInterfaceOrientationLandscapeRight";
				INFOPLIST_KEY_UISupportedInterfaceOrientations_iPhone = "UIInterfaceOrientationPortrait UIInterfaceOrientationLandscapeLeft UIInterfaceOrientationLandscapeRight";
				LD_RUNPATH_SEARCH_PATHS = (
					"$(inherited)",
					"@executable_path/Frameworks",
				);
				MARKETING_VERSION = 1.0;
				PRODUCT_BUNDLE_IDENTIFIER = "projeto-estudo.Netflix-Clone";
				PRODUCT_NAME = "$(TARGET_NAME)";
				SWIFT_EMIT_LOC_STRINGS = YES;
				SWIFT_VERSION = 5.0;
				TARGETED_DEVICE_FAMILY = "1,2";
			};
			name = Debug;
		};
		4F6C288B2AF024FC004112DC /* Release */ = {
			isa = XCBuildConfiguration;
			buildSettings = {
				ASSETCATALOG_COMPILER_APPICON_NAME = AppIcon;
				ASSETCATALOG_COMPILER_GLOBAL_ACCENT_COLOR_NAME = AccentColor;
				CODE_SIGN_STYLE = Automatic;
				CURRENT_PROJECT_VERSION = 1;
				DEVELOPMENT_TEAM = 8M3N3X9UJ6;
				GENERATE_INFOPLIST_FILE = YES;
				INFOPLIST_FILE = Netflix_Clone/Info.plist;
				INFOPLIST_KEY_UIApplicationSupportsIndirectInputEvents = YES;
				INFOPLIST_KEY_UILaunchStoryboardName = LaunchScreen;
				INFOPLIST_KEY_UISupportedInterfaceOrientations_iPad = "UIInterfaceOrientationPortrait UIInterfaceOrientationPortraitUpsideDown UIInterfaceOrientationLandscapeLeft UIInterfaceOrientationLandscapeRight";
				INFOPLIST_KEY_UISupportedInterfaceOrientations_iPhone = "UIInterfaceOrientationPortrait UIInterfaceOrientationLandscapeLeft UIInterfaceOrientationLandscapeRight";
				LD_RUNPATH_SEARCH_PATHS = (
					"$(inherited)",
					"@executable_path/Frameworks",
				);
				MARKETING_VERSION = 1.0;
				PRODUCT_BUNDLE_IDENTIFIER = "projeto-estudo.Netflix-Clone";
				PRODUCT_NAME = "$(TARGET_NAME)";
				SWIFT_EMIT_LOC_STRINGS = YES;
				SWIFT_VERSION = 5.0;
				TARGETED_DEVICE_FAMILY = "1,2";
			};
			name = Release;
		};
/* End XCBuildConfiguration section */

/* Begin XCConfigurationList section */
		4F6C28702AF024FB004112DC /* Build configuration list for PBXProject "Netflix_Clone" */ = {
			isa = XCConfigurationList;
			buildConfigurations = (
				4F6C28872AF024FC004112DC /* Debug */,
				4F6C28882AF024FC004112DC /* Release */,
			);
			defaultConfigurationIsVisible = 0;
			defaultConfigurationName = Release;
		};
		4F6C28892AF024FC004112DC /* Build configuration list for PBXNativeTarget "Netflix_Clone" */ = {
			isa = XCConfigurationList;
			buildConfigurations = (
				4F6C288A2AF024FC004112DC /* Debug */,
				4F6C288B2AF024FC004112DC /* Release */,
			);
			defaultConfigurationIsVisible = 0;
			defaultConfigurationName = Release;
		};
/* End XCConfigurationList section */
	};
	rootObject = 4F6C286D2AF024FB004112DC /* Project object */;
}
